
Microsoft Visual Studio Solution File, Format Version 12.00
# Visual Studio 15
VisualStudioVersion = 15.0.28307.757
MinimumVisualStudioVersion = 10.0.40219.1
Project("{FAE04EC0-301F-11D3-BF4B-00C04F79EFBC}") = "Basit_banka_uygulamasi", "Basit_banka_uygulamasi.csproj", "{4988ED5E-6EA6-41A2-AEF5-F9A937FE63EE}"
EndProject
Global
	GlobalSection(SolutionConfigurationPlatforms) = preSolution
		Debug|Any CPU = Debug|Any CPU
		Release|Any CPU = Release|Any CPU
	EndGlobalSection
	GlobalSection(ProjectConfigurationPlatforms) = postSolution
		{4988ED5E-6EA6-41A2-AEF5-F9A937FE63EE}.Debug|Any CPU.ActiveCfg = Debug|Any CPU
		{4988ED5E-6EA6-41A2-AEF5-F9A937FE63EE}.Debug|Any CPU.Build.0 = Debug|Any CPU
		{4988ED5E-6EA6-41A2-AEF5-F9A937FE63EE}.Release|Any CPU.ActiveCfg = Release|Any CPU
		{4988ED5E-6EA6-41A2-AEF5-F9A937FE63EE}.Release|Any CPU.Build.0 = Release|Any CPU
	EndGlobalSection
	GlobalSection(SolutionProperties) = preSolution
		HideSolutionNode = FALSE
	EndGlobalSection
	GlobalSection(ExtensibilityGlobals) = postSolution
		SolutionGuid = {4289BB96-35C2-4733-B53B-20FA8CE66EFB}
	EndGlobalSection
EndGlobal
